// !$*UTF8*$!
{
	archiveVersion = 1;
	classes = {
	};
	objectVersion = 46;
	objects = {

/* Begin PBXBuildFile section */
		1DDD58160DA1D0A300B32029 /* MainMenu.xib in Resources */ = {isa = PBXBuildFile; fileRef = 1DDD58140DA1D0A300B32029 /* MainMenu.xib */; };
		225D889215376F65005B84EF /* SMDisplayServicesAppDelegate.m in Sources */ = {isa = PBXBuildFile; fileRef = 256AC3D90F4B6AC300CF3369 /* SMDisplayServicesAppDelegate.m */; };
		225D8B4A153773E7005B84EF /* SMDSDisplaySelect.m in Sources */ = {isa = PBXBuildFile; fileRef = 22405A41152E074400909FCB /* SMDSDisplaySelect.m */; };
		225D8B4B153773F6005B84EF /* SMDSScreenControl.m in Sources */ = {isa = PBXBuildFile; fileRef = 226EA36B152D315F00766E2E /* SMDSScreenControl.m */; };
		225D8B4C153773F6005B84EF /* SMDSScreenView.m in Sources */ = {isa = PBXBuildFile; fileRef = 226EA36D152D315F00766E2E /* SMDSScreenView.m */; };
		225D8B4D153773F6005B84EF /* NSScreen+Additions.m in Sources */ = {isa = PBXBuildFile; fileRef = 22B2F0F91527C76D0094C6E6 /* NSScreen+Additions.m */; };
		225D8B4E153773F6005B84EF /* SMDSMonitor.m in Sources */ = {isa = PBXBuildFile; fileRef = 22B2F0EB1527C66B0094C6E6 /* SMDSMonitor.m */; };
		225D8B4F153773F6005B84EF /* SMDSController.m in Sources */ = {isa = PBXBuildFile; fileRef = 22B2F0F01527C6930094C6E6 /* SMDSController.m */; };
		225D8B50153773F6005B84EF /* SMDSGamma.m in Sources */ = {isa = PBXBuildFile; fileRef = 224264191527D4DC005B2E0F /* SMDSGamma.m */; };
		225D8B5115377404005B84EF /* SMDSScreenControl.h in Headers */ = {isa = PBXBuildFile; fileRef = 226EA36A152D315F00766E2E /* SMDSScreenControl.h */; settings = {ATTRIBUTES = (); }; };
		225D8B5215377404005B84EF /* SMDSMonitor.h in Headers */ = {isa = PBXBuildFile; fileRef = 22B2F0EA1527C66B0094C6E6 /* SMDSMonitor.h */; settings = {ATTRIBUTES = (Public, ); }; };
		225D8B5315377404005B84EF /* SMDSController.h in Headers */ = {isa = PBXBuildFile; fileRef = 22B2F0EF1527C6930094C6E6 /* SMDSController.h */; settings = {ATTRIBUTES = (Public, ); }; };
		225D8B5415377404005B84EF /* SMDSGamma.h in Headers */ = {isa = PBXBuildFile; fileRef = 224264181527D4DC005B2E0F /* SMDSGamma.h */; settings = {ATTRIBUTES = (Public, ); }; };
		225D8B581537741C005B84EF /* Cocoa.framework in Frameworks */ = {isa = PBXBuildFile; fileRef = 225D8B571537741C005B84EF /* Cocoa.framework */; };
		225D8B5F15377440005B84EF /* SMDSScreenView.h in Headers */ = {isa = PBXBuildFile; fileRef = 226EA36C152D315F00766E2E /* SMDSScreenView.h */; };
		225D8B6015377440005B84EF /* NSScreen+Additions.h in Headers */ = {isa = PBXBuildFile; fileRef = 22B2F0F81527C76D0094C6E6 /* NSScreen+Additions.h */; };
		225D8B6115377440005B84EF /* SMDSConstants.h in Headers */ = {isa = PBXBuildFile; fileRef = 22B2F1101527C9500094C6E6 /* SMDSConstants.h */; };
		225D8B6215377440005B84EF /* SMDSMaths.h in Headers */ = {isa = PBXBuildFile; fileRef = 2242644D1527D8AF005B2E0F /* SMDSMaths.h */; };
		225D8B6315377440005B84EF /* SMDSDisplayCalculations.h in Headers */ = {isa = PBXBuildFile; fileRef = 226EA3CB152D347600766E2E /* SMDSDisplayCalculations.h */; };
		225D8B6415377440005B84EF /* SMDSDisplaySelect.h in Headers */ = {isa = PBXBuildFile; fileRef = 22405A40152E074400909FCB /* SMDSDisplaySelect.h */; };
		225D8BF7153777D9005B84EF /* IOKit.framework in Frameworks */ = {isa = PBXBuildFile; fileRef = 225D8BF6153777D9005B84EF /* IOKit.framework */; };
		22DCE5A61548E298001294E6 /* SMDisplayServices.framework in Frameworks */ = {isa = PBXBuildFile; fileRef = 225D8A311537716F005B84EF /* SMDisplayServices.framework */; };
		22DCE5BD1548E4D0001294E6 /* SMDisplayServices.framework in Copy Frameworks */ = {isa = PBXBuildFile; fileRef = 225D8A311537716F005B84EF /* SMDisplayServices.framework */; };
		22F35119153757320000B85D /* SMDisplayServicesTest.m in Sources */ = {isa = PBXBuildFile; fileRef = 22F35118153757320000B85D /* SMDisplayServicesTest.m */; };
		8D11072B0486CEB800E47090 /* InfoPlist.strings in Resources */ = {isa = PBXBuildFile; fileRef = 089C165CFE840E0CC02AAC07 /* InfoPlist.strings */; };
		8D11072D0486CEB800E47090 /* main.m in Sources */ = {isa = PBXBuildFile; fileRef = 29B97316FDCFA39411CA2CEA /* main.m */; settings = {ATTRIBUTES = (); }; };
		8D11072F0486CEB800E47090 /* Cocoa.framework in Frameworks */ = {isa = PBXBuildFile; fileRef = 1058C7A1FEA54F0111CA2CBB /* Cocoa.framework */; };
/* End PBXBuildFile section */

/* Begin PBXContainerItemProxy section */
		22DCE5E51548E5D7001294E6 /* PBXContainerItemProxy */ = {
			isa = PBXContainerItemProxy;
			containerPortal = 29B97313FDCFA39411CA2CEA /* Project object */;
			proxyType = 1;
			remoteGlobalIDString = 225D8A301537716F005B84EF /* SMDisplayServices */;
			remoteInfo = SMDisplayServices;
		};
/* End PBXContainerItemProxy section */

/* Begin PBXCopyFilesBuildPhase section */
		225D898A1537704A005B84EF /* Copy Frameworks */ = {
			isa = PBXCopyFilesBuildPhase;
			buildActionMask = 12;
			dstPath = "";
			dstSubfolderSpec = 10;
			files = (
				22DCE5BD1548E4D0001294E6 /* SMDisplayServices.framework in Copy Frameworks */,
			);
			name = "Copy Frameworks";
			runOnlyForDeploymentPostprocessing = 0;
		};
/* End PBXCopyFilesBuildPhase section */

/* Begin PBXFileReference section */
		089C165DFE840E0CC02AAC07 /* English */ = {isa = PBXFileReference; fileEncoding = 4; lastKnownFileType = text.plist.strings; name = English; path = English.lproj/InfoPlist.strings; sourceTree = "<group>"; };
		1058C7A1FEA54F0111CA2CBB /* Cocoa.framework */ = {isa = PBXFileReference; lastKnownFileType = wrapper.framework; name = Cocoa.framework; path = /System/Library/Frameworks/Cocoa.framework; sourceTree = "<absolute>"; };
		13E42FB307B3F0F600E4EEF1 /* CoreData.framework */ = {isa = PBXFileReference; lastKnownFileType = wrapper.framework; name = CoreData.framework; path = /System/Library/Frameworks/CoreData.framework; sourceTree = "<absolute>"; };
		1DDD58150DA1D0A300B32029 /* English */ = {isa = PBXFileReference; lastKnownFileType = file.xib; name = English; path = English.lproj/MainMenu.xib; sourceTree = "<group>"; };
		22405A40152E074400909FCB /* SMDSDisplaySelect.h */ = {isa = PBXFileReference; fileEncoding = 4; lastKnownFileType = sourcecode.c.h; name = SMDSDisplaySelect.h; path = Classes/SMDSDisplaySelect.h; sourceTree = "<group>"; };
		22405A41152E074400909FCB /* SMDSDisplaySelect.m */ = {isa = PBXFileReference; fileEncoding = 4; lastKnownFileType = sourcecode.c.objc; name = SMDSDisplaySelect.m; path = Classes/SMDSDisplaySelect.m; sourceTree = "<group>"; };
		224264181527D4DC005B2E0F /* SMDSGamma.h */ = {isa = PBXFileReference; fileEncoding = 4; lastKnownFileType = sourcecode.c.h; name = SMDSGamma.h; path = Classes/SMDSGamma.h; sourceTree = "<group>"; };
		224264191527D4DC005B2E0F /* SMDSGamma.m */ = {isa = PBXFileReference; fileEncoding = 4; lastKnownFileType = sourcecode.c.objc; name = SMDSGamma.m; path = Classes/SMDSGamma.m; sourceTree = "<group>"; };
		2242644D1527D8AF005B2E0F /* SMDSMaths.h */ = {isa = PBXFileReference; fileEncoding = 4; lastKnownFileType = sourcecode.c.h; name = SMDSMaths.h; path = Classes/SMDSMaths.h; sourceTree = "<group>"; };
		225D8A311537716F005B84EF /* SMDisplayServices.framework */ = {isa = PBXFileReference; explicitFileType = wrapper.framework; includeInIndex = 0; path = SMDisplayServices.framework; sourceTree = BUILT_PRODUCTS_DIR; };
		225D8B571537741C005B84EF /* Cocoa.framework */ = {isa = PBXFileReference; lastKnownFileType = wrapper.framework; name = Cocoa.framework; path = System/Library/Frameworks/Cocoa.framework; sourceTree = SDKROOT; };
		225D8BF6153777D9005B84EF /* IOKit.framework */ = {isa = PBXFileReference; lastKnownFileType = wrapper.framework; name = IOKit.framework; path = System/Library/Frameworks/IOKit.framework; sourceTree = SDKROOT; };
		226EA36A152D315F00766E2E /* SMDSScreenControl.h */ = {isa = PBXFileReference; fileEncoding = 4; lastKnownFileType = sourcecode.c.h; name = SMDSScreenControl.h; path = Classes/SMDSScreenControl.h; sourceTree = "<group>"; };
		226EA36B152D315F00766E2E /* SMDSScreenControl.m */ = {isa = PBXFileReference; fileEncoding = 4; lastKnownFileType = sourcecode.c.objc; name = SMDSScreenControl.m; path = Classes/SMDSScreenControl.m; sourceTree = "<group>"; };
		226EA36C152D315F00766E2E /* SMDSScreenView.h */ = {isa = PBXFileReference; fileEncoding = 4; lastKnownFileType = sourcecode.c.h; name = SMDSScreenView.h; path = Classes/SMDSScreenView.h; sourceTree = "<group>"; };
		226EA36D152D315F00766E2E /* SMDSScreenView.m */ = {isa = PBXFileReference; fileEncoding = 4; lastKnownFileType = sourcecode.c.objc; name = SMDSScreenView.m; path = Classes/SMDSScreenView.m; sourceTree = "<group>"; };
		226EA3CB152D347600766E2E /* SMDSDisplayCalculations.h */ = {isa = PBXFileReference; fileEncoding = 4; lastKnownFileType = sourcecode.c.h; name = SMDSDisplayCalculations.h; path = Classes/SMDSDisplayCalculations.h; sourceTree = "<group>"; };
		22B2F0EA1527C66B0094C6E6 /* SMDSMonitor.h */ = {isa = PBXFileReference; fileEncoding = 4; lastKnownFileType = sourcecode.c.h; name = SMDSMonitor.h; path = Classes/SMDSMonitor.h; sourceTree = "<group>"; };
		22B2F0EB1527C66B0094C6E6 /* SMDSMonitor.m */ = {isa = PBXFileReference; fileEncoding = 4; lastKnownFileType = sourcecode.c.objc; name = SMDSMonitor.m; path = Classes/SMDSMonitor.m; sourceTree = "<group>"; };
		22B2F0EF1527C6930094C6E6 /* SMDSController.h */ = {isa = PBXFileReference; fileEncoding = 4; lastKnownFileType = sourcecode.c.h; name = SMDSController.h; path = Classes/SMDSController.h; sourceTree = "<group>"; };
		22B2F0F01527C6930094C6E6 /* SMDSController.m */ = {isa = PBXFileReference; fileEncoding = 4; lastKnownFileType = sourcecode.c.objc; name = SMDSController.m; path = Classes/SMDSController.m; sourceTree = "<group>"; };
		22B2F0F81527C76D0094C6E6 /* NSScreen+Additions.h */ = {isa = PBXFileReference; fileEncoding = 4; lastKnownFileType = sourcecode.c.h; name = "NSScreen+Additions.h"; path = "Classes/NSScreen+Additions.h"; sourceTree = "<group>"; };
		22B2F0F91527C76D0094C6E6 /* NSScreen+Additions.m */ = {isa = PBXFileReference; fileEncoding = 4; lastKnownFileType = sourcecode.c.objc; name = "NSScreen+Additions.m"; path = "Classes/NSScreen+Additions.m"; sourceTree = "<group>"; };
		22B2F1101527C9500094C6E6 /* SMDSConstants.h */ = {isa = PBXFileReference; fileEncoding = 4; lastKnownFileType = sourcecode.c.h; name = SMDSConstants.h; path = Classes/SMDSConstants.h; sourceTree = "<group>"; };
		22F35117153757320000B85D /* SMDisplayServicesTest.h */ = {isa = PBXFileReference; fileEncoding = 4; lastKnownFileType = sourcecode.c.h; path = SMDisplayServicesTest.h; sourceTree = "<group>"; };
		22F35118153757320000B85D /* SMDisplayServicesTest.m */ = {isa = PBXFileReference; fileEncoding = 4; lastKnownFileType = sourcecode.c.objc; path = SMDisplayServicesTest.m; sourceTree = "<group>"; };
		256AC3D80F4B6AC300CF3369 /* SMDisplayServicesAppDelegate.h */ = {isa = PBXFileReference; fileEncoding = 4; lastKnownFileType = sourcecode.c.h; path = SMDisplayServicesAppDelegate.h; sourceTree = "<group>"; };
		256AC3D90F4B6AC300CF3369 /* SMDisplayServicesAppDelegate.m */ = {isa = PBXFileReference; fileEncoding = 4; lastKnownFileType = sourcecode.c.objc; path = SMDisplayServicesAppDelegate.m; sourceTree = "<group>"; };
		256AC3F00F4B6AF500CF3369 /* SMDisplayServices_Prefix.pch */ = {isa = PBXFileReference; fileEncoding = 4; lastKnownFileType = sourcecode.c.h; path = SMDisplayServices_Prefix.pch; sourceTree = "<group>"; };
		29B97316FDCFA39411CA2CEA /* main.m */ = {isa = PBXFileReference; fileEncoding = 4; lastKnownFileType = sourcecode.c.objc; path = main.m; sourceTree = "<group>"; };
		29B97324FDCFA39411CA2CEA /* AppKit.framework */ = {isa = PBXFileReference; lastKnownFileType = wrapper.framework; name = AppKit.framework; path = /System/Library/Frameworks/AppKit.framework; sourceTree = "<absolute>"; };
		29B97325FDCFA39411CA2CEA /* Foundation.framework */ = {isa = PBXFileReference; lastKnownFileType = wrapper.framework; name = Foundation.framework; path = /System/Library/Frameworks/Foundation.framework; sourceTree = "<absolute>"; };
		8D1107310486CEB800E47090 /* SMDisplayServices-Info.plist */ = {isa = PBXFileReference; fileEncoding = 4; lastKnownFileType = text.plist.xml; path = "SMDisplayServices-Info.plist"; sourceTree = "<group>"; };
		8D1107320486CEB800E47090 /* SMDisplayServices.app */ = {isa = PBXFileReference; explicitFileType = wrapper.application; includeInIndex = 0; path = SMDisplayServices.app; sourceTree = BUILT_PRODUCTS_DIR; };
/* End PBXFileReference section */

/* Begin PBXFrameworksBuildPhase section */
		225D8A2F1537716F005B84EF /* Frameworks */ = {
			isa = PBXFrameworksBuildPhase;
			buildActionMask = 2147483647;
			files = (
				225D8B581537741C005B84EF /* Cocoa.framework in Frameworks */,
				225D8BF7153777D9005B84EF /* IOKit.framework in Frameworks */,
			);
			runOnlyForDeploymentPostprocessing = 0;
		};
		8D11072E0486CEB800E47090 /* Frameworks */ = {
			isa = PBXFrameworksBuildPhase;
			buildActionMask = 2147483647;
			files = (
				8D11072F0486CEB800E47090 /* Cocoa.framework in Frameworks */,
				22DCE5A61548E298001294E6 /* SMDisplayServices.framework in Frameworks */,
			);
			runOnlyForDeploymentPostprocessing = 0;
		};
/* End PBXFrameworksBuildPhase section */

/* Begin PBXGroup section */
		080E96DDFE201D6D7F000001 /* Classes */ = {
			isa = PBXGroup;
			children = (
				226EA36A152D315F00766E2E /* SMDSScreenControl.h */,
				226EA36B152D315F00766E2E /* SMDSScreenControl.m */,
				226EA36C152D315F00766E2E /* SMDSScreenView.h */,
				226EA36D152D315F00766E2E /* SMDSScreenView.m */,
				22B2F0F81527C76D0094C6E6 /* NSScreen+Additions.h */,
				22B2F0F91527C76D0094C6E6 /* NSScreen+Additions.m */,
				256AC3D80F4B6AC300CF3369 /* SMDisplayServicesAppDelegate.h */,
				256AC3D90F4B6AC300CF3369 /* SMDisplayServicesAppDelegate.m */,
				22B2F0EA1527C66B0094C6E6 /* SMDSMonitor.h */,
				22B2F0EB1527C66B0094C6E6 /* SMDSMonitor.m */,
				22B2F0EF1527C6930094C6E6 /* SMDSController.h */,
				22B2F0F01527C6930094C6E6 /* SMDSController.m */,
				22B2F1101527C9500094C6E6 /* SMDSConstants.h */,
				224264181527D4DC005B2E0F /* SMDSGamma.h */,
				224264191527D4DC005B2E0F /* SMDSGamma.m */,
				2242644D1527D8AF005B2E0F /* SMDSMaths.h */,
				226EA3CB152D347600766E2E /* SMDSDisplayCalculations.h */,
				22405A40152E074400909FCB /* SMDSDisplaySelect.h */,
				22405A41152E074400909FCB /* SMDSDisplaySelect.m */,
			);
			name = Classes;
			sourceTree = "<group>";
		};
		1058C7A0FEA54F0111CA2CBB /* Linked Frameworks */ = {
			isa = PBXGroup;
			children = (
				1058C7A1FEA54F0111CA2CBB /* Cocoa.framework */,
			);
			name = "Linked Frameworks";
			sourceTree = "<group>";
		};
		1058C7A2FEA54F0111CA2CBB /* Other Frameworks */ = {
			isa = PBXGroup;
			children = (
				29B97324FDCFA39411CA2CEA /* AppKit.framework */,
				13E42FB307B3F0F600E4EEF1 /* CoreData.framework */,
				29B97325FDCFA39411CA2CEA /* Foundation.framework */,
			);
			name = "Other Frameworks";
			sourceTree = "<group>";
		};
		19C28FACFE9D520D11CA2CBB /* Products */ = {
			isa = PBXGroup;
			children = (
				8D1107320486CEB800E47090 /* SMDisplayServices.app */,
				225D8A311537716F005B84EF /* SMDisplayServices.framework */,
			);
			name = Products;
			sourceTree = "<group>";
		};
		29B97314FDCFA39411CA2CEA /* SMDisplayServices */ = {
			isa = PBXGroup;
			children = (
				080E96DDFE201D6D7F000001 /* Classes */,
				29B97315FDCFA39411CA2CEA /* Other Sources */,
				29B97317FDCFA39411CA2CEA /* Resources */,
				29B97323FDCFA39411CA2CEA /* Frameworks */,
				19C28FACFE9D520D11CA2CBB /* Products */,
				22F35117153757320000B85D /* SMDisplayServicesTest.h */,
				22F35118153757320000B85D /* SMDisplayServicesTest.m */,
				225D8B571537741C005B84EF /* Cocoa.framework */,
				225D8BF6153777D9005B84EF /* IOKit.framework */,
			);
			name = SMDisplayServices;
			sourceTree = "<group>";
		};
		29B97315FDCFA39411CA2CEA /* Other Sources */ = {
			isa = PBXGroup;
			children = (
				256AC3F00F4B6AF500CF3369 /* SMDisplayServices_Prefix.pch */,
				29B97316FDCFA39411CA2CEA /* main.m */,
			);
			name = "Other Sources";
			sourceTree = "<group>";
		};
		29B97317FDCFA39411CA2CEA /* Resources */ = {
			isa = PBXGroup;
			children = (
				8D1107310486CEB800E47090 /* SMDisplayServices-Info.plist */,
				089C165CFE840E0CC02AAC07 /* InfoPlist.strings */,
				1DDD58140DA1D0A300B32029 /* MainMenu.xib */,
			);
			name = Resources;
			sourceTree = "<group>";
		};
		29B97323FDCFA39411CA2CEA /* Frameworks */ = {
			isa = PBXGroup;
			children = (
				1058C7A0FEA54F0111CA2CBB /* Linked Frameworks */,
				1058C7A2FEA54F0111CA2CBB /* Other Frameworks */,
			);
			name = Frameworks;
			sourceTree = "<group>";
		};
/* End PBXGroup section */

/* Begin PBXHeadersBuildPhase section */
		225D8A2C1537716F005B84EF /* Headers */ = {
			isa = PBXHeadersBuildPhase;
			buildActionMask = 2147483647;
			files = (
				225D8B5F15377440005B84EF /* SMDSScreenView.h in Headers */,
				225D8B6015377440005B84EF /* NSScreen+Additions.h in Headers */,
				225D8B6115377440005B84EF /* SMDSConstants.h in Headers */,
				225D8B6215377440005B84EF /* SMDSMaths.h in Headers */,
				225D8B6315377440005B84EF /* SMDSDisplayCalculations.h in Headers */,
				225D8B6415377440005B84EF /* SMDSDisplaySelect.h in Headers */,
				225D8B5115377404005B84EF /* SMDSScreenControl.h in Headers */,
				225D8B5215377404005B84EF /* SMDSMonitor.h in Headers */,
				225D8B5315377404005B84EF /* SMDSController.h in Headers */,
				225D8B5415377404005B84EF /* SMDSGamma.h in Headers */,
			);
			runOnlyForDeploymentPostprocessing = 0;
		};
/* End PBXHeadersBuildPhase section */

/* Begin PBXNativeTarget section */
		225D8A301537716F005B84EF /* SMDisplayServices */ = {
			isa = PBXNativeTarget;
			buildConfigurationList = 225D8B08153771A1005B84EF /* Build configuration list for PBXNativeTarget "SMDisplayServices" */;
			buildPhases = (
				225D8A2C1537716F005B84EF /* Headers */,
				225D8A2D1537716F005B84EF /* Resources */,
				225D8A2E1537716F005B84EF /* Sources */,
				225D8A2F1537716F005B84EF /* Frameworks */,
			);
			buildRules = (
			);
			dependencies = (
			);
			name = SMDisplayServices;
			productName = SMDisplayServices;
			productReference = 225D8A311537716F005B84EF /* SMDisplayServices.framework */;
			productType = "com.apple.product-type.framework";
		};
		8D1107260486CEB800E47090 /* SMDisplayServicesDemo */ = {
			isa = PBXNativeTarget;
			buildConfigurationList = C01FCF4A08A954540054247B /* Build configuration list for PBXNativeTarget "SMDisplayServicesDemo" */;
			buildPhases = (
				225D898A1537704A005B84EF /* Copy Frameworks */,
				8D1107290486CEB800E47090 /* Resources */,
				8D11072E0486CEB800E47090 /* Frameworks */,
				8D11072C0486CEB800E47090 /* Sources */,
			);
			buildRules = (
			);
			dependencies = (
				22DCE5E61548E5D7001294E6 /* PBXTargetDependency */,
			);
			name = SMDisplayServicesDemo;
			productInstallPath = "$(HOME)/Applications";
			productName = SMDisplayServices;
			productReference = 8D1107320486CEB800E47090 /* SMDisplayServices.app */;
			productType = "com.apple.product-type.application";
		};
/* End PBXNativeTarget section */

/* Begin PBXProject section */
		29B97313FDCFA39411CA2CEA /* Project object */ = {
			isa = PBXProject;
			attributes = {
				LastUpgradeCheck = 0420;
				ORGANIZATIONNAME = "Sam Marshall";
			};
			buildConfigurationList = C01FCF4E08A954540054247B /* Build configuration list for PBXProject "SMDisplayServices" */;
			compatibilityVersion = "Xcode 3.2";
			developmentRegion = English;
			hasScannedForEncodings = 1;
			knownRegions = (
				English,
				Japanese,
				French,
				German,
			);
			mainGroup = 29B97314FDCFA39411CA2CEA /* SMDisplayServices */;
			projectDirPath = "";
			projectRoot = "";
			targets = (
				8D1107260486CEB800E47090 /* SMDisplayServicesDemo */,
				225D8A301537716F005B84EF /* SMDisplayServices */,
			);
		};
/* End PBXProject section */

/* Begin PBXResourcesBuildPhase section */
		225D8A2D1537716F005B84EF /* Resources */ = {
			isa = PBXResourcesBuildPhase;
			buildActionMask = 2147483647;
			files = (
			);
			runOnlyForDeploymentPostprocessing = 0;
		};
		8D1107290486CEB800E47090 /* Resources */ = {
			isa = PBXResourcesBuildPhase;
			buildActionMask = 2147483647;
			files = (
				8D11072B0486CEB800E47090 /* InfoPlist.strings in Resources */,
				1DDD58160DA1D0A300B32029 /* MainMenu.xib in Resources */,
			);
			runOnlyForDeploymentPostprocessing = 0;
		};
/* End PBXResourcesBuildPhase section */

/* Begin PBXSourcesBuildPhase section */
		225D8A2E1537716F005B84EF /* Sources */ = {
			isa = PBXSourcesBuildPhase;
			buildActionMask = 2147483647;
			files = (
				225D8B4A153773E7005B84EF /* SMDSDisplaySelect.m in Sources */,
				225D8B4B153773F6005B84EF /* SMDSScreenControl.m in Sources */,
				225D8B4C153773F6005B84EF /* SMDSScreenView.m in Sources */,
				225D8B4D153773F6005B84EF /* NSScreen+Additions.m in Sources */,
				225D8B4E153773F6005B84EF /* SMDSMonitor.m in Sources */,
				225D8B4F153773F6005B84EF /* SMDSController.m in Sources */,
				225D8B50153773F6005B84EF /* SMDSGamma.m in Sources */,
			);
			runOnlyForDeploymentPostprocessing = 0;
		};
		8D11072C0486CEB800E47090 /* Sources */ = {
			isa = PBXSourcesBuildPhase;
			buildActionMask = 2147483647;
			files = (
				8D11072D0486CEB800E47090 /* main.m in Sources */,
				22F35119153757320000B85D /* SMDisplayServicesTest.m in Sources */,
				225D889215376F65005B84EF /* SMDisplayServicesAppDelegate.m in Sources */,
			);
			runOnlyForDeploymentPostprocessing = 0;
		};
/* End PBXSourcesBuildPhase section */

/* Begin PBXTargetDependency section */
		22DCE5E61548E5D7001294E6 /* PBXTargetDependency */ = {
			isa = PBXTargetDependency;
			target = 225D8A301537716F005B84EF /* SMDisplayServices */;
			targetProxy = 22DCE5E51548E5D7001294E6 /* PBXContainerItemProxy */;
		};
/* End PBXTargetDependency section */

/* Begin PBXVariantGroup section */
		089C165CFE840E0CC02AAC07 /* InfoPlist.strings */ = {
			isa = PBXVariantGroup;
			children = (
				089C165DFE840E0CC02AAC07 /* English */,
			);
			name = InfoPlist.strings;
			sourceTree = "<group>";
		};
		1DDD58140DA1D0A300B32029 /* MainMenu.xib */ = {
			isa = PBXVariantGroup;
			children = (
				1DDD58150DA1D0A300B32029 /* English */,
			);
			name = MainMenu.xib;
			sourceTree = "<group>";
		};
/* End PBXVariantGroup section */

/* Begin XCBuildConfiguration section */
		225D8A321537716F005B84EF /* Debug */ = {
			isa = XCBuildConfiguration;
			buildSettings = {
				ALWAYS_SEARCH_USER_PATHS = NO;
				COPY_PHASE_STRIP = NO;
				DYLIB_COMPATIBILITY_VERSION = 1;
				DYLIB_CURRENT_VERSION = 1;
				FRAMEWORK_VERSION = A;
				GCC_DYNAMIC_NO_PIC = NO;
				GCC_MODEL_TUNING = G5;
				GCC_OPTIMIZATION_LEVEL = 0;
				GCC_PRECOMPILE_PREFIX_HEADER = YES;
				GCC_PREFIX_HEADER = "$(SYSTEM_LIBRARY_DIR)/Frameworks/AppKit.framework/Headers/AppKit.h";
				INFOPLIST_FILE = "SMDisplayServices-Info.plist";
				INSTALL_PATH = " @executable_path/../Frameworks";
				ONLY_ACTIVE_ARCH = YES;
				OTHER_LDFLAGS = (
					"-framework",
					Foundation,
					"-framework",
					AppKit,
				);
				PRODUCT_NAME = SMDisplayServices;
				VERSIONING_SYSTEM = "apple-generic";
				ZERO_LINK = NO;
			};
			name = Debug;
		};
		225D8A331537716F005B84EF /* Release */ = {
			isa = XCBuildConfiguration;
			buildSettings = {
				ALWAYS_SEARCH_USER_PATHS = NO;
				COPY_PHASE_STRIP = YES;
				DEBUG_INFORMATION_FORMAT = "dwarf-with-dsym";
				DYLIB_COMPATIBILITY_VERSION = 1;
				DYLIB_CURRENT_VERSION = 1;
				FRAMEWORK_VERSION = A;
				GCC_MODEL_TUNING = G5;
				GCC_PRECOMPILE_PREFIX_HEADER = YES;
				GCC_PREFIX_HEADER = "$(SYSTEM_LIBRARY_DIR)/Frameworks/AppKit.framework/Headers/AppKit.h";
				INFOPLIST_FILE = "SMDisplayServices-Info.plist";
				INSTALL_PATH = " @executable_path/../Frameworks";
				ONLY_ACTIVE_ARCH = YES;
				OTHER_LDFLAGS = (
					"-framework",
					Foundation,
					"-framework",
					AppKit,
				);
				PRODUCT_NAME = SMDisplayServices;
				VERSIONING_SYSTEM = "apple-generic";
				ZERO_LINK = NO;
			};
			name = Release;
		};
		C01FCF4B08A954540054247B /* Debug */ = {
			isa = XCBuildConfiguration;
			buildSettings = {
				ALWAYS_SEARCH_USER_PATHS = YES;
				COPY_PHASE_STRIP = NO;
				FRAMEWORK_SEARCH_PATHS = "";
				GCC_DYNAMIC_NO_PIC = NO;
				GCC_OPTIMIZATION_LEVEL = 0;
				GCC_PRECOMPILE_PREFIX_HEADER = YES;
				GCC_PREFIX_HEADER = SMDisplayServices_Prefix.pch;
				INFOPLIST_FILE = "SMDisplayServices-Info.plist";
				INSTALL_PATH = "$(HOME)/Applications";
				MACOSX_DEPLOYMENT_TARGET = 10.6;
				PRODUCT_NAME = SMDisplayServices;
				RUN_CLANG_STATIC_ANALYZER = YES;
				STRIP_STYLE = debugging;
				VERSIONING_SYSTEM = "apple-generic";
			};
			name = Debug;
		};
		C01FCF4C08A954540054247B /* Release */ = {
			isa = XCBuildConfiguration;
			buildSettings = {
				ALWAYS_SEARCH_USER_PATHS = YES;
				COPY_PHASE_STRIP = NO;
				DEBUG_INFORMATION_FORMAT = "dwarf-with-dsym";
				FRAMEWORK_SEARCH_PATHS = "";
				GCC_PRECOMPILE_PREFIX_HEADER = YES;
				GCC_PREFIX_HEADER = SMDisplayServices_Prefix.pch;
				INFOPLIST_FILE = "SMDisplayServices-Info.plist";
				INSTALL_PATH = "$(HOME)/Applications";
				MACOSX_DEPLOYMENT_TARGET = 10.6;
				PRODUCT_NAME = SMDisplayServices;
				RUN_CLANG_STATIC_ANALYZER = YES;
				STRIP_STYLE = debugging;
				VERSIONING_SYSTEM = "apple-generic";
			};
			name = Release;
		};
		C01FCF4F08A954540054247B /* Debug */ = {
			isa = XCBuildConfiguration;
			buildSettings = {
				ALWAYS_SEARCH_USER_PATHS = YES;
				ARCHS = "$(ARCHS_STANDARD_64_BIT)";
				GCC_C_LANGUAGE_STANDARD = gnu99;
				GCC_OPTIMIZATION_LEVEL = s;
				GCC_PREPROCESSOR_DEFINITIONS = CONFIGURATION_$CONFIGURATION;
				GCC_VERSION = com.apple.compilers.llvm.clang.1_0;
				GCC_WARN_ABOUT_RETURN_TYPE = YES;
				GCC_WARN_UNUSED_VARIABLE = YES;
				MACOSX_DEPLOYMENT_TARGET = 10.6;
				ONLY_ACTIVE_ARCH = NO;
				SDKROOT = macosx;
				VERSIONING_SYSTEM = "apple-generic";
			};
			name = Debug;
		};
		C01FCF5008A954540054247B /* Release */ = {
			isa = XCBuildConfiguration;
			buildSettings = {
				ALWAYS_SEARCH_USER_PATHS = YES;
				ARCHS = "$(ARCHS_STANDARD_64_BIT)";
				GCC_C_LANGUAGE_STANDARD = gnu99;
				GCC_PREPROCESSOR_DEFINITIONS = CONFIGURATION_$CONFIGURATION;
				GCC_VERSION = com.apple.compilers.llvm.clang.1_0;
				GCC_WARN_ABOUT_RETURN_TYPE = YES;
				GCC_WARN_UNUSED_VARIABLE = YES;
				MACOSX_DEPLOYMENT_TARGET = 10.6;
				ONLY_ACTIVE_ARCH = YES;
				SDKROOT = macosx;
				VERSIONING_SYSTEM = "apple-generic";
			};
			name = Release;
		};
/* End XCBuildConfiguration section */

/* Begin XCConfigurationList section */
		225D8B08153771A1005B84EF /* Build configuration list for PBXNativeTarget "SMDisplayServices" */ = {
			isa = XCConfigurationList;
			buildConfigurations = (
				225D8A321537716F005B84EF /* Debug */,
				225D8A331537716F005B84EF /* Release */,
			);
			defaultConfigurationIsVisible = 0;
			defaultConfigurationName = Release;
		};
		C01FCF4A08A954540054247B /* Build configuration list for PBXNativeTarget "SMDisplayServicesDemo" */ = {
			isa = XCConfigurationList;
			buildConfigurations = (
				C01FCF4B08A954540054247B /* Debug */,
				C01FCF4C08A954540054247B /* Release */,
			);
			defaultConfigurationIsVisible = 0;
			defaultConfigurationName = Release;
		};
		C01FCF4E08A954540054247B /* Build configuration list for PBXProject "SMDisplayServices" */ = {
			isa = XCConfigurationList;
			buildConfigurations = (
				C01FCF4F08A954540054247B /* Debug */,
				C01FCF5008A954540054247B /* Release */,
			);
			defaultConfigurationIsVisible = 0;
			defaultConfigurationName = Release;
		};
/* End XCConfigurationList section */
	};
	rootObject = 29B97313FDCFA39411CA2CEA /* Project object */;
}
